
Microsoft Visual Studio Solution File, Format Version 12.00
# Visual Studio Version 16
VisualStudioVersion = 16.0.30621.155
MinimumVisualStudioVersion = 10.0.40219.1
Project("{9A19103F-16F7-4668-BE54-9A1E7A4F7556}") = "FreshFruit", "FreshFruit\FreshFruit.csproj", "{57599118-C819-404C-A77E-39A5C13612AA}"
EndProject
Project("{2150E333-8FDC-42A3-9474-1A3956D46DE8}") = "Solution Items", "Solution Items", "{206588F6-77B0-464D-B572-EC42011F3BF5}"
	ProjectSection(SolutionItems) = preProject
		Readme.md = Readme.md
	EndProjectSection
EndProject
Global
	GlobalSection(SolutionConfigurationPlatforms) = preSolution
		Debug|Any CPU = Debug|Any CPU
		Release|Any CPU = Release|Any CPU
	EndGlobalSection
	GlobalSection(ProjectConfigurationPlatforms) = postSolution
		{57599118-C819-404C-A77E-39A5C13612AA}.Debug|Any CPU.ActiveCfg = Debug|Any CPU
		{57599118-C819-404C-A77E-39A5C13612AA}.Debug|Any CPU.Build.0 = Debug|Any CPU
		{57599118-C819-404C-A77E-39A5C13612AA}.Release|Any CPU.ActiveCfg = Release|Any CPU
		{57599118-C819-404C-A77E-39A5C13612AA}.Release|Any CPU.Build.0 = Release|Any CPU
	EndGlobalSection
	GlobalSection(SolutionProperties) = preSolution
		HideSolutionNode = FALSE
	EndGlobalSection
	GlobalSection(ExtensibilityGlobals) = postSolution
		SolutionGuid = {4903F828-22BE-4A16-B115-72A3A3EE8279}
	EndGlobalSection
EndGlobal
